
Microsoft Visual Studio Solution File, Format Version 12.00
# Visual Studio 15
VisualStudioVersion = 15.0.27130.2036
MinimumVisualStudioVersion = 10.0.40219.1
Project("{9A19103F-16F7-4668-BE54-9A1E7A4F7556}") = "IdentityServerSample.BookingAdminPanel", "IdentityServerSample.BookingAdminPanel\IdentityServerSample.BookingAdminPanel.csproj", "{A8D86636-5B2D-40D0-AC93-4A41182682E8}"
EndProject
Project("{9A19103F-16F7-4668-BE54-9A1E7A4F7556}") = "IdentityServerSample.BookingAPI", "IdentityServerSample.BookingAPI\IdentityServerSample.BookingAPI.csproj", "{23EA22F2-77AA-4C31-B0FE-E8B4276128C4}"
EndProject
Project("{9A19103F-16F7-4668-BE54-9A1E7A4F7556}") = "IdentityServerSample.BookingAPI.TestClient", "IdentityServerSample.BookingAPI.TestClient\IdentityServerSample.BookingAPI.TestClient.csproj", "{DC4DF922-834C-4133-85D5-3E31E5F7FBBD}"
EndProject
Project("{9A19103F-16F7-4668-BE54-9A1E7A4F7556}") = "IdentityServerSample.Shared", "IdentityServerSample.Shared\IdentityServerSample.Shared.csproj", "{31D17798-EA9D-41B1-881D-795679782EE4}"
EndProject
Project("{FAE04EC0-301F-11D3-BF4B-00C04F79EFBC}") = "IdentityServerSample.BookingAPI.Client", "IdentityServerSample.BookingAPI.Client\IdentityServerSample.BookingAPI.Client.csproj", "{8AE0BBD7-8A91-41EF-A0AB-52DD0C75F14B}"
EndProject
Project("{FAE04EC0-301F-11D3-BF4B-00C04F79EFBC}") = "IdentityServerSample.BookingAPI.Data", "IdentityServerSample.BookingAPI.Data\IdentityServerSample.BookingAPI.Data.csproj", "{A2FCB282-B9FD-4EC9-90DB-0E40C806B3B9}"
EndProject
Project("{FAE04EC0-301F-11D3-BF4B-00C04F79EFBC}") = "IdentityServerSample.BookingAPI.EDM", "IdentityServerSample.BookingAPI.EDM\IdentityServerSample.BookingAPI.EDM.csproj", "{0433042D-99A6-43FE-A7E3-F4038A7C7029}"
EndProject
Project("{FAE04EC0-301F-11D3-BF4B-00C04F79EFBC}") = "IdentityServerSample.BookingAPI.Business", "IdentityServerSample.BookingAPI.Business\IdentityServerSample.BookingAPI.Business.csproj", "{08708D75-7146-483F-9829-F816F8FE565E}"
EndProject
Project("{FAE04EC0-301F-11D3-BF4B-00C04F79EFBC}") = "IdentityServerSample.BookingAPI.Business.Contracts", "IdentityServerSample.BookingAPI.Business.Contracts\IdentityServerSample.BookingAPI.Business.Contracts.csproj", "{E9812110-61C9-4F17-A564-A8FF97144E3D}"
EndProject
Project("{FAE04EC0-301F-11D3-BF4B-00C04F79EFBC}") = "IdentityServerSample.BookingAPI.Data.Contracts", "IdentityServerSample.BookingAPI.Data.Contracts\IdentityServerSample.BookingAPI.Data.Contracts.csproj", "{7B7C16B0-B375-42B7-BD4D-C3B24A0B130C}"
EndProject
Project("{FAE04EC0-301F-11D3-BF4B-00C04F79EFBC}") = "IdentityServerSample.IdentityServer.Host", "IdentityServerSample.IdentityServer.Host\IdentityServerSample.IdentityServer.Host.csproj", "{BDCA120D-3AE6-435F-AFCB-948D0A2DE8D3}"
EndProject
Project("{FAE04EC0-301F-11D3-BF4B-00C04F79EFBC}") = "IdentityServerSample.IdentityServer.AdminPanel", "IdentityServerSample.IdentityServer.AdminPanel\IdentityServerSample.IdentityServer.AdminPanel.csproj", "{A4087F45-7297-4738-A2B8-540A39DB47B0}"
EndProject
Project("{FAE04EC0-301F-11D3-BF4B-00C04F79EFBC}") = "IdentityServerSample.IdentityServer.EDM", "IdentityServerSample.IdentityServer.EDM\IdentityServerSample.IdentityServer.EDM.csproj", "{7AF69C7E-E639-4414-A7F6-86FEB7553555}"
EndProject
Global
	GlobalSection(SolutionConfigurationPlatforms) = preSolution
		Debug|Any CPU = Debug|Any CPU
		Release|Any CPU = Release|Any CPU
	EndGlobalSection
	GlobalSection(ProjectConfigurationPlatforms) = postSolution
		{A8D86636-5B2D-40D0-AC93-4A41182682E8}.Debug|Any CPU.ActiveCfg = Debug|Any CPU
		{A8D86636-5B2D-40D0-AC93-4A41182682E8}.Debug|Any CPU.Build.0 = Debug|Any CPU
		{A8D86636-5B2D-40D0-AC93-4A41182682E8}.Release|Any CPU.ActiveCfg = Release|Any CPU
		{A8D86636-5B2D-40D0-AC93-4A41182682E8}.Release|Any CPU.Build.0 = Release|Any CPU
		{23EA22F2-77AA-4C31-B0FE-E8B4276128C4}.Debug|Any CPU.ActiveCfg = Debug|Any CPU
		{23EA22F2-77AA-4C31-B0FE-E8B4276128C4}.Debug|Any CPU.Build.0 = Debug|Any CPU
		{23EA22F2-77AA-4C31-B0FE-E8B4276128C4}.Release|Any CPU.ActiveCfg = Release|Any CPU
		{23EA22F2-77AA-4C31-B0FE-E8B4276128C4}.Release|Any CPU.Build.0 = Release|Any CPU
		{DC4DF922-834C-4133-85D5-3E31E5F7FBBD}.Debug|Any CPU.ActiveCfg = Debug|Any CPU
		{DC4DF922-834C-4133-85D5-3E31E5F7FBBD}.Debug|Any CPU.Build.0 = Debug|Any CPU
		{DC4DF922-834C-4133-85D5-3E31E5F7FBBD}.Release|Any CPU.ActiveCfg = Release|Any CPU
		{DC4DF922-834C-4133-85D5-3E31E5F7FBBD}.Release|Any CPU.Build.0 = Release|Any CPU
		{31D17798-EA9D-41B1-881D-795679782EE4}.Debug|Any CPU.ActiveCfg = Debug|Any CPU
		{31D17798-EA9D-41B1-881D-795679782EE4}.Debug|Any CPU.Build.0 = Debug|Any CPU
		{31D17798-EA9D-41B1-881D-795679782EE4}.Release|Any CPU.ActiveCfg = Release|Any CPU
		{31D17798-EA9D-41B1-881D-795679782EE4}.Release|Any CPU.Build.0 = Release|Any CPU
		{8AE0BBD7-8A91-41EF-A0AB-52DD0C75F14B}.Debug|Any CPU.ActiveCfg = Debug|Any CPU
		{8AE0BBD7-8A91-41EF-A0AB-52DD0C75F14B}.Debug|Any CPU.Build.0 = Debug|Any CPU
		{8AE0BBD7-8A91-41EF-A0AB-52DD0C75F14B}.Release|Any CPU.ActiveCfg = Release|Any CPU
		{8AE0BBD7-8A91-41EF-A0AB-52DD0C75F14B}.Release|Any CPU.Build.0 = Release|Any CPU
		{A2FCB282-B9FD-4EC9-90DB-0E40C806B3B9}.Debug|Any CPU.ActiveCfg = Debug|Any CPU
		{A2FCB282-B9FD-4EC9-90DB-0E40C806B3B9}.Debug|Any CPU.Build.0 = Debug|Any CPU
		{A2FCB282-B9FD-4EC9-90DB-0E40C806B3B9}.Release|Any CPU.ActiveCfg = Release|Any CPU
		{A2FCB282-B9FD-4EC9-90DB-0E40C806B3B9}.Release|Any CPU.Build.0 = Release|Any CPU
		{0433042D-99A6-43FE-A7E3-F4038A7C7029}.Debug|Any CPU.ActiveCfg = Debug|Any CPU
		{0433042D-99A6-43FE-A7E3-F4038A7C7029}.Debug|Any CPU.Build.0 = Debug|Any CPU
		{0433042D-99A6-43FE-A7E3-F4038A7C7029}.Release|Any CPU.ActiveCfg = Release|Any CPU
		{0433042D-99A6-43FE-A7E3-F4038A7C7029}.Release|Any CPU.Build.0 = Release|Any CPU
		{08708D75-7146-483F-9829-F816F8FE565E}.Debug|Any CPU.ActiveCfg = Debug|Any CPU
		{08708D75-7146-483F-9829-F816F8FE565E}.Debug|Any CPU.Build.0 = Debug|Any CPU
		{08708D75-7146-483F-9829-F816F8FE565E}.Release|Any CPU.ActiveCfg = Release|Any CPU
		{08708D75-7146-483F-9829-F816F8FE565E}.Release|Any CPU.Build.0 = Release|Any CPU
		{E9812110-61C9-4F17-A564-A8FF97144E3D}.Debug|Any CPU.ActiveCfg = Debug|Any CPU
		{E9812110-61C9-4F17-A564-A8FF97144E3D}.Debug|Any CPU.Build.0 = Debug|Any CPU
		{E9812110-61C9-4F17-A564-A8FF97144E3D}.Release|Any CPU.ActiveCfg = Release|Any CPU
		{E9812110-61C9-4F17-A564-A8FF97144E3D}.Release|Any CPU.Build.0 = Release|Any CPU
		{7B7C16B0-B375-42B7-BD4D-C3B24A0B130C}.Debug|Any CPU.ActiveCfg = Debug|Any CPU
		{7B7C16B0-B375-42B7-BD4D-C3B24A0B130C}.Debug|Any CPU.Build.0 = Debug|Any CPU
		{7B7C16B0-B375-42B7-BD4D-C3B24A0B130C}.Release|Any CPU.ActiveCfg = Release|Any CPU
		{7B7C16B0-B375-42B7-BD4D-C3B24A0B130C}.Release|Any CPU.Build.0 = Release|Any CPU
		{BDCA120D-3AE6-435F-AFCB-948D0A2DE8D3}.Debug|Any CPU.ActiveCfg = Debug|Any CPU
		{BDCA120D-3AE6-435F-AFCB-948D0A2DE8D3}.Debug|Any CPU.Build.0 = Debug|Any CPU
		{BDCA120D-3AE6-435F-AFCB-948D0A2DE8D3}.Release|Any CPU.ActiveCfg = Release|Any CPU
		{BDCA120D-3AE6-435F-AFCB-948D0A2DE8D3}.Release|Any CPU.Build.0 = Release|Any CPU
		{A4087F45-7297-4738-A2B8-540A39DB47B0}.Debug|Any CPU.ActiveCfg = Debug|Any CPU
		{A4087F45-7297-4738-A2B8-540A39DB47B0}.Debug|Any CPU.Build.0 = Debug|Any CPU
		{A4087F45-7297-4738-A2B8-540A39DB47B0}.Release|Any CPU.ActiveCfg = Release|Any CPU
		{A4087F45-7297-4738-A2B8-540A39DB47B0}.Release|Any CPU.Build.0 = Release|Any CPU
		{7AF69C7E-E639-4414-A7F6-86FEB7553555}.Debug|Any CPU.ActiveCfg = Debug|Any CPU
		{7AF69C7E-E639-4414-A7F6-86FEB7553555}.Debug|Any CPU.Build.0 = Debug|Any CPU
		{7AF69C7E-E639-4414-A7F6-86FEB7553555}.Release|Any CPU.ActiveCfg = Release|Any CPU
		{7AF69C7E-E639-4414-A7F6-86FEB7553555}.Release|Any CPU.Build.0 = Release|Any CPU
	EndGlobalSection
	GlobalSection(SolutionProperties) = preSolution
		HideSolutionNode = FALSE
	EndGlobalSection
	GlobalSection(ExtensibilityGlobals) = postSolution
		SolutionGuid = {C4FC2D3E-F89B-4ABE-87BA-EF4DF58A2DCC}
	EndGlobalSection
EndGlobal
